
Microsoft Visual Studio Solution File, Format Version 12.00
# Visual Studio Version 17
VisualStudioVersion = 17.9.34728.123
MinimumVisualStudioVersion = 10.0.40219.1
Project("{8BC9CEB8-8B4A-11D0-8D11-00A0C91BC942}") = "#27 Two Dimensional Arrays", "#27 Two Dimensional Arrays.vcxproj", "{7E6D9A10-53E9-4DF5-8233-0083F194065F}"
EndProject
Global
	GlobalSection(SolutionConfigurationPlatforms) = preSolution
		Debug|x64 = Debug|x64
		Debug|x86 = Debug|x86
		Release|x64 = Release|x64
		Release|x86 = Release|x86
	EndGlobalSection
	GlobalSection(ProjectConfigurationPlatforms) = postSolution
		{7E6D9A10-53E9-4DF5-8233-0083F194065F}.Debug|x64.ActiveCfg = Debug|x64
		{7E6D9A10-53E9-4DF5-8233-0083F194065F}.Debug|x64.Build.0 = Debug|x64
		{7E6D9A10-53E9-4DF5-8233-0083F194065F}.Debug|x86.ActiveCfg = Debug|Win32
		{7E6D9A10-53E9-4DF5-8233-0083F194065F}.Debug|x86.Build.0 = Debug|Win32
		{7E6D9A10-53E9-4DF5-8233-0083F194065F}.Release|x64.ActiveCfg = Release|x64
		{7E6D9A10-53E9-4DF5-8233-0083F194065F}.Release|x64.Build.0 = Release|x64
		{7E6D9A10-53E9-4DF5-8233-0083F194065F}.Release|x86.ActiveCfg = Release|Win32
		{7E6D9A10-53E9-4DF5-8233-0083F194065F}.Release|x86.Build.0 = Release|Win32
	EndGlobalSection
	GlobalSection(SolutionProperties) = preSolution
		HideSolutionNode = FALSE
	EndGlobalSection
	GlobalSection(ExtensibilityGlobals) = postSolution
		SolutionGuid = {7D307610-BF0C-49CA-A310-7375289835C4}
	EndGlobalSection
EndGlobal
